// !$*UTF8*$!
{
	archiveVersion = 1;
	classes = {
	};
	objectVersion = 56;
	objects = {

/* Begin PBXBuildFile section */
		8A72101A29CA08AE0010398B /* Extension.swift in Sources */ = {isa = PBXBuildFile; fileRef = 8A72101929CA08AE0010398B /* Extension.swift */; };
		8A72101D29CCC0070010398B /* SecureStorage.swift in Sources */ = {isa = PBXBuildFile; fileRef = 8A72101C29CCC0070010398B /* SecureStorage.swift */; };
		8AB8AFB129C469E100E66F05 /* AppDelegate.swift in Sources */ = {isa = PBXBuildFile; fileRef = 8AB8AFB029C469E100E66F05 /* AppDelegate.swift */; };
		8AB8AFB329C469E100E66F05 /* SceneDelegate.swift in Sources */ = {isa = PBXBuildFile; fileRef = 8AB8AFB229C469E100E66F05 /* SceneDelegate.swift */; };
		8AB8AFBB29C469E100E66F05 /* Store.xcdatamodeld in Sources */ = {isa = PBXBuildFile; fileRef = 8AB8AFB929C469E100E66F05 /* Store.xcdatamodeld */; };
		8AB8AFC029C469E300E66F05 /* LaunchScreen.storyboard in Resources */ = {isa = PBXBuildFile; fileRef = 8AB8AFBE29C469E300E66F05 /* LaunchScreen.storyboard */; };
		8AB8AFD329C4732900E66F05 /* SignInPage.swift in Sources */ = {isa = PBXBuildFile; fileRef = 8AB8AFD229C4732900E66F05 /* SignInPage.swift */; };
		8AB8AFD529C4733900E66F05 /* Login.swift in Sources */ = {isa = PBXBuildFile; fileRef = 8AB8AFD429C4733900E66F05 /* Login.swift */; };
		8AB8AFD729C4735A00E66F05 /* Profile.swift in Sources */ = {isa = PBXBuildFile; fileRef = 8AB8AFD629C4735A00E66F05 /* Profile.swift */; };
		8AB8AFDE29C473FE00E66F05 /* Page1.swift in Sources */ = {isa = PBXBuildFile; fileRef = 8AB8AFDD29C473FE00E66F05 /* Page1.swift */; };
		8AB8AFE029C4740D00E66F05 /* Page2.swift in Sources */ = {isa = PBXBuildFile; fileRef = 8AB8AFDF29C4740D00E66F05 /* Page2.swift */; };
		8AB8AFE229C4746600E66F05 /* ProfileTableCell.swift in Sources */ = {isa = PBXBuildFile; fileRef = 8AB8AFE129C4746600E66F05 /* ProfileTableCell.swift */; };
		8AB8AFE429C4756E00E66F05 /* SignInPresenter.swift in Sources */ = {isa = PBXBuildFile; fileRef = 8AB8AFE329C4756E00E66F05 /* SignInPresenter.swift */; };
		8AB8AFE629C4758300E66F05 /* LoginPresenter.swift in Sources */ = {isa = PBXBuildFile; fileRef = 8AB8AFE529C4758300E66F05 /* LoginPresenter.swift */; };
		8AB8AFE829C475A400E66F05 /* ProfilePresenter.swift in Sources */ = {isa = PBXBuildFile; fileRef = 8AB8AFE729C475A400E66F05 /* ProfilePresenter.swift */; };
		8AB8AFEA29C475C100E66F05 /* Page1Presenter.swift in Sources */ = {isa = PBXBuildFile; fileRef = 8AB8AFE929C475C100E66F05 /* Page1Presenter.swift */; };
		8AB8AFEC29C475D500E66F05 /* Page2Presenter.swift in Sources */ = {isa = PBXBuildFile; fileRef = 8AB8AFEB29C475D500E66F05 /* Page2Presenter.swift */; };
		8AB8AFEF29C4772900E66F05 /* BuilderModels.swift in Sources */ = {isa = PBXBuildFile; fileRef = 8AB8AFEE29C4772900E66F05 /* BuilderModels.swift */; };
		8AB8AFF129C4775300E66F05 /* Router.swift in Sources */ = {isa = PBXBuildFile; fileRef = 8AB8AFF029C4775300E66F05 /* Router.swift */; };
		8AB8AFF329C4778B00E66F05 /* NetworkLayer.swift in Sources */ = {isa = PBXBuildFile; fileRef = 8AB8AFF229C4778B00E66F05 /* NetworkLayer.swift */; };
		8AB8AFF529C4874F00E66F05 /* Currency.swift in Sources */ = {isa = PBXBuildFile; fileRef = 8AB8AFF429C4874F00E66F05 /* Currency.swift */; };
		8AB8AFF729C48B3500E66F05 /* User.swift in Sources */ = {isa = PBXBuildFile; fileRef = 8AB8AFF629C48B3500E66F05 /* User.swift */; };
		8AB8AFFC29C49CB400E66F05 /* LikePage.swift in Sources */ = {isa = PBXBuildFile; fileRef = 8AB8AFFB29C49CB400E66F05 /* LikePage.swift */; };
		8AB8AFFE29C49CE000E66F05 /* LikePresenter.swift in Sources */ = {isa = PBXBuildFile; fileRef = 8AB8AFFD29C49CE000E66F05 /* LikePresenter.swift */; };
		8AB8B00029C49CF900E66F05 /* MarketPresenter.swift in Sources */ = {isa = PBXBuildFile; fileRef = 8AB8AFFF29C49CF900E66F05 /* MarketPresenter.swift */; };
		8AB8B00229C49D1300E66F05 /* MarketPage.swift in Sources */ = {isa = PBXBuildFile; fileRef = 8AB8B00129C49D1300E66F05 /* MarketPage.swift */; };
		8AB8B00429C49D2700E66F05 /* MessengerPage.swift in Sources */ = {isa = PBXBuildFile; fileRef = 8AB8B00329C49D2700E66F05 /* MessengerPage.swift */; };
		8AB8B00629C49D4D00E66F05 /* MessengerPresenter.swift in Sources */ = {isa = PBXBuildFile; fileRef = 8AB8B00529C49D4D00E66F05 /* MessengerPresenter.swift */; };
		8AB8B00A29C52CFE00E66F05 /* Assets.xcassets in Resources */ = {isa = PBXBuildFile; fileRef = 8AB8B00929C52CFE00E66F05 /* Assets.xcassets */; };
		8AB8B00C29C5387100E66F05 /* Colors.swift in Sources */ = {isa = PBXBuildFile; fileRef = 8AB8B00B29C5387100E66F05 /* Colors.swift */; };
		8AB8B00E29C53DD100E66F05 /* AnchoredConstraintsExtension.swift in Sources */ = {isa = PBXBuildFile; fileRef = 8AB8B00D29C53DD100E66F05 /* AnchoredConstraintsExtension.swift */; };
/* End PBXBuildFile section */

/* Begin PBXFileReference section */
		8A72101929CA08AE0010398B /* Extension.swift */ = {isa = PBXFileReference; lastKnownFileType = sourcecode.swift; path = Extension.swift; sourceTree = "<group>"; };
		8A72101C29CCC0070010398B /* SecureStorage.swift */ = {isa = PBXFileReference; lastKnownFileType = sourcecode.swift; path = SecureStorage.swift; sourceTree = "<group>"; };
		8AB8AFAD29C469E100E66F05 /* Store.app */ = {isa = PBXFileReference; explicitFileType = wrapper.application; includeInIndex = 0; path = Store.app; sourceTree = BUILT_PRODUCTS_DIR; };
		8AB8AFB029C469E100E66F05 /* AppDelegate.swift */ = {isa = PBXFileReference; lastKnownFileType = sourcecode.swift; path = AppDelegate.swift; sourceTree = "<group>"; };
		8AB8AFB229C469E100E66F05 /* SceneDelegate.swift */ = {isa = PBXFileReference; lastKnownFileType = sourcecode.swift; path = SceneDelegate.swift; sourceTree = "<group>"; };
		8AB8AFBA29C469E100E66F05 /* Store.xcdatamodel */ = {isa = PBXFileReference; lastKnownFileType = wrapper.xcdatamodel; path = Store.xcdatamodel; sourceTree = "<group>"; };
		8AB8AFBF29C469E300E66F05 /* Base */ = {isa = PBXFileReference; lastKnownFileType = file.storyboard; name = Base; path = Base.lproj/LaunchScreen.storyboard; sourceTree = "<group>"; };
		8AB8AFC129C469E300E66F05 /* Info.plist */ = {isa = PBXFileReference; lastKnownFileType = text.plist.xml; path = Info.plist; sourceTree = "<group>"; };
		8AB8AFD229C4732900E66F05 /* SignInPage.swift */ = {isa = PBXFileReference; lastKnownFileType = sourcecode.swift; path = SignInPage.swift; sourceTree = "<group>"; };
		8AB8AFD429C4733900E66F05 /* Login.swift */ = {isa = PBXFileReference; lastKnownFileType = sourcecode.swift; path = Login.swift; sourceTree = "<group>"; };
		8AB8AFD629C4735A00E66F05 /* Profile.swift */ = {isa = PBXFileReference; lastKnownFileType = sourcecode.swift; path = Profile.swift; sourceTree = "<group>"; };
		8AB8AFDD29C473FE00E66F05 /* Page1.swift */ = {isa = PBXFileReference; lastKnownFileType = sourcecode.swift; path = Page1.swift; sourceTree = "<group>"; };
		8AB8AFDF29C4740D00E66F05 /* Page2.swift */ = {isa = PBXFileReference; lastKnownFileType = sourcecode.swift; path = Page2.swift; sourceTree = "<group>"; };
		8AB8AFE129C4746600E66F05 /* ProfileTableCell.swift */ = {isa = PBXFileReference; lastKnownFileType = sourcecode.swift; path = ProfileTableCell.swift; sourceTree = "<group>"; };
		8AB8AFE329C4756E00E66F05 /* SignInPresenter.swift */ = {isa = PBXFileReference; lastKnownFileType = sourcecode.swift; path = SignInPresenter.swift; sourceTree = "<group>"; };
		8AB8AFE529C4758300E66F05 /* LoginPresenter.swift */ = {isa = PBXFileReference; lastKnownFileType = sourcecode.swift; path = LoginPresenter.swift; sourceTree = "<group>"; };
		8AB8AFE729C475A400E66F05 /* ProfilePresenter.swift */ = {isa = PBXFileReference; lastKnownFileType = sourcecode.swift; path = ProfilePresenter.swift; sourceTree = "<group>"; };
		8AB8AFE929C475C100E66F05 /* Page1Presenter.swift */ = {isa = PBXFileReference; lastKnownFileType = sourcecode.swift; path = Page1Presenter.swift; sourceTree = "<group>"; };
		8AB8AFEB29C475D500E66F05 /* Page2Presenter.swift */ = {isa = PBXFileReference; lastKnownFileType = sourcecode.swift; path = Page2Presenter.swift; sourceTree = "<group>"; };
		8AB8AFEE29C4772900E66F05 /* BuilderModels.swift */ = {isa = PBXFileReference; lastKnownFileType = sourcecode.swift; path = BuilderModels.swift; sourceTree = "<group>"; };
		8AB8AFF029C4775300E66F05 /* Router.swift */ = {isa = PBXFileReference; lastKnownFileType = sourcecode.swift; path = Router.swift; sourceTree = "<group>"; };
		8AB8AFF229C4778B00E66F05 /* NetworkLayer.swift */ = {isa = PBXFileReference; lastKnownFileType = sourcecode.swift; path = NetworkLayer.swift; sourceTree = "<group>"; };
		8AB8AFF429C4874F00E66F05 /* Currency.swift */ = {isa = PBXFileReference; lastKnownFileType = sourcecode.swift; path = Currency.swift; sourceTree = "<group>"; };
		8AB8AFF629C48B3500E66F05 /* User.swift */ = {isa = PBXFileReference; lastKnownFileType = sourcecode.swift; path = User.swift; sourceTree = "<group>"; };
		8AB8AFFB29C49CB400E66F05 /* LikePage.swift */ = {isa = PBXFileReference; lastKnownFileType = sourcecode.swift; path = LikePage.swift; sourceTree = "<group>"; };
		8AB8AFFD29C49CE000E66F05 /* LikePresenter.swift */ = {isa = PBXFileReference; lastKnownFileType = sourcecode.swift; path = LikePresenter.swift; sourceTree = "<group>"; };
		8AB8AFFF29C49CF900E66F05 /* MarketPresenter.swift */ = {isa = PBXFileReference; lastKnownFileType = sourcecode.swift; path = MarketPresenter.swift; sourceTree = "<group>"; };
		8AB8B00129C49D1300E66F05 /* MarketPage.swift */ = {isa = PBXFileReference; lastKnownFileType = sourcecode.swift; path = MarketPage.swift; sourceTree = "<group>"; };
		8AB8B00329C49D2700E66F05 /* MessengerPage.swift */ = {isa = PBXFileReference; lastKnownFileType = sourcecode.swift; path = MessengerPage.swift; sourceTree = "<group>"; };
		8AB8B00529C49D4D00E66F05 /* MessengerPresenter.swift */ = {isa = PBXFileReference; lastKnownFileType = sourcecode.swift; path = MessengerPresenter.swift; sourceTree = "<group>"; };
		8AB8B00929C52CFE00E66F05 /* Assets.xcassets */ = {isa = PBXFileReference; lastKnownFileType = folder.assetcatalog; path = Assets.xcassets; sourceTree = "<group>"; };
		8AB8B00B29C5387100E66F05 /* Colors.swift */ = {isa = PBXFileReference; lastKnownFileType = sourcecode.swift; path = Colors.swift; sourceTree = "<group>"; };
		8AB8B00D29C53DD100E66F05 /* AnchoredConstraintsExtension.swift */ = {isa = PBXFileReference; lastKnownFileType = sourcecode.swift; path = AnchoredConstraintsExtension.swift; sourceTree = "<group>"; };
/* End PBXFileReference section */

/* Begin PBXFrameworksBuildPhase section */
		8AB8AFAA29C469E100E66F05 /* Frameworks */ = {
			isa = PBXFrameworksBuildPhase;
			buildActionMask = 2147483647;
			files = (
			);
			runOnlyForDeploymentPostprocessing = 0;
		};
/* End PBXFrameworksBuildPhase section */

/* Begin PBXGroup section */
		8A72101B29CCBFF50010398B /* Data */ = {
			isa = PBXGroup;
			children = (
				8A72101C29CCC0070010398B /* SecureStorage.swift */,
			);
			path = Data;
			sourceTree = "<group>";
		};
		8AB8AFA429C469E100E66F05 = {
			isa = PBXGroup;
			children = (
				8AB8AFAF29C469E100E66F05 /* Store */,
				8AB8AFAE29C469E100E66F05 /* Products */,
			);
			sourceTree = "<group>";
		};
		8AB8AFAE29C469E100E66F05 /* Products */ = {
			isa = PBXGroup;
			children = (
				8AB8AFAD29C469E100E66F05 /* Store.app */,
			);
			name = Products;
			sourceTree = "<group>";
		};
		8AB8AFAF29C469E100E66F05 /* Store */ = {
			isa = PBXGroup;
			children = (
				8A72101B29CCBFF50010398B /* Data */,
				8AB8AFC729C46E2A00E66F05 /* Builder */,
				8AB8AFC829C46E4A00E66F05 /* Router */,
				8AB8AFC929C46E9D00E66F05 /* NetworkLayer  */,
				8AB8AFCC29C46F3100E66F05 /* Authorisation */,
				8AB8AFCF29C46FFA00E66F05 /* Profile */,
				8AB8AFD029C4700400E66F05 /* Page 1 */,
				8AB8AFD129C4700800E66F05 /* Page 2 */,
				8AB8AFCB29C46EDE00E66F05 /* Models */,
				8AB8AFFA29C49C7A00E66F05 /* MessengerModule */,
				8AB8AFF929C49C2D00E66F05 /* MarketModule */,
				8AB8AFF829C49C0100E66F05 /* LikeModule */,
				8AB8AFED29C475EC00E66F05 /* Extension */,
				8AB8AFB029C469E100E66F05 /* AppDelegate.swift */,
				8AB8AFB229C469E100E66F05 /* SceneDelegate.swift */,
				8AB8AFBE29C469E300E66F05 /* LaunchScreen.storyboard */,
				8AB8B00929C52CFE00E66F05 /* Assets.xcassets */,
				8AB8AFC129C469E300E66F05 /* Info.plist */,
				8AB8AFB929C469E100E66F05 /* Store.xcdatamodeld */,
			);
			path = Store;
			sourceTree = "<group>";
		};
		8AB8AFC729C46E2A00E66F05 /* Builder */ = {
			isa = PBXGroup;
			children = (
				8AB8AFEE29C4772900E66F05 /* BuilderModels.swift */,
			);
			path = Builder;
			sourceTree = "<group>";
		};
		8AB8AFC829C46E4A00E66F05 /* Router */ = {
			isa = PBXGroup;
			children = (
				8AB8AFF029C4775300E66F05 /* Router.swift */,
			);
			path = Router;
			sourceTree = "<group>";
		};
		8AB8AFC929C46E9D00E66F05 /* NetworkLayer  */ = {
			isa = PBXGroup;
			children = (
				8AB8AFF229C4778B00E66F05 /* NetworkLayer.swift */,
			);
			path = "NetworkLayer ";
			sourceTree = "<group>";
		};
		8AB8AFCB29C46EDE00E66F05 /* Models */ = {
			isa = PBXGroup;
			children = (
				8AB8AFF629C48B3500E66F05 /* User.swift */,
			);
			path = Models;
			sourceTree = "<group>";
		};
		8AB8AFCC29C46F3100E66F05 /* Authorisation */ = {
			isa = PBXGroup;
			children = (
				8AB8AFCE29C46F5A00E66F05 /* SignInPage */,
				8AB8AFCD29C46F5300E66F05 /* Login */,
			);
			path = Authorisation;
			sourceTree = "<group>";
		};
		8AB8AFCD29C46F5300E66F05 /* Login */ = {
			isa = PBXGroup;
			children = (
				8AB8AFD829C4739400E66F05 /* LoginModule */,
			);
			path = Login;
			sourceTree = "<group>";
		};
		8AB8AFCE29C46F5A00E66F05 /* SignInPage */ = {
			isa = PBXGroup;
			children = (
				8AB8AFD929C473A500E66F05 /* SignInPageModule */,
			);
			path = SignInPage;
			sourceTree = "<group>";
		};
		8AB8AFCF29C46FFA00E66F05 /* Profile */ = {
			isa = PBXGroup;
			children = (
				8AB8AFDA29C473B900E66F05 /* ProfileModule */,
			);
			path = Profile;
			sourceTree = "<group>";
		};
		8AB8AFD029C4700400E66F05 /* Page 1 */ = {
			isa = PBXGroup;
			children = (
				8AB8AFDB29C473D200E66F05 /* Page1Module */,
			);
			path = "Page 1";
			sourceTree = "<group>";
		};
		8AB8AFD129C4700800E66F05 /* Page 2 */ = {
			isa = PBXGroup;
			children = (
				8AB8AFDC29C473E300E66F05 /* Page2Module */,
			);
			path = "Page 2";
			sourceTree = "<group>";
		};
		8AB8AFD829C4739400E66F05 /* LoginModule */ = {
			isa = PBXGroup;
			children = (
				8AB8AFD429C4733900E66F05 /* Login.swift */,
				8AB8AFE529C4758300E66F05 /* LoginPresenter.swift */,
			);
			path = LoginModule;
			sourceTree = "<group>";
		};
		8AB8AFD929C473A500E66F05 /* SignInPageModule */ = {
			isa = PBXGroup;
			children = (
				8AB8AFD229C4732900E66F05 /* SignInPage.swift */,
				8AB8AFE329C4756E00E66F05 /* SignInPresenter.swift */,
			);
			path = SignInPageModule;
			sourceTree = "<group>";
		};
		8AB8AFDA29C473B900E66F05 /* ProfileModule */ = {
			isa = PBXGroup;
			children = (
				8AB8AFD629C4735A00E66F05 /* Profile.swift */,
				8AB8AFE129C4746600E66F05 /* ProfileTableCell.swift */,
				8AB8AFE729C475A400E66F05 /* ProfilePresenter.swift */,
			);
			path = ProfileModule;
			sourceTree = "<group>";
		};
		8AB8AFDB29C473D200E66F05 /* Page1Module */ = {
			isa = PBXGroup;
			children = (
				8AB8AFDD29C473FE00E66F05 /* Page1.swift */,
				8AB8AFE929C475C100E66F05 /* Page1Presenter.swift */,
			);
			path = Page1Module;
			sourceTree = "<group>";
		};
		8AB8AFDC29C473E300E66F05 /* Page2Module */ = {
			isa = PBXGroup;
			children = (
				8AB8AFDF29C4740D00E66F05 /* Page2.swift */,
				8AB8AFEB29C475D500E66F05 /* Page2Presenter.swift */,
			);
			path = Page2Module;
			sourceTree = "<group>";
		};
		8AB8AFED29C475EC00E66F05 /* Extension */ = {
			isa = PBXGroup;
			children = (
				8AB8AFF429C4874F00E66F05 /* Currency.swift */,
				8AB8B00B29C5387100E66F05 /* Colors.swift */,
				8AB8B00D29C53DD100E66F05 /* AnchoredConstraintsExtension.swift */,
				8A72101929CA08AE0010398B /* Extension.swift */,
			);
			path = Extension;
			sourceTree = "<group>";
		};
		8AB8AFF829C49C0100E66F05 /* LikeModule */ = {
			isa = PBXGroup;
			children = (
				8AB8AFFB29C49CB400E66F05 /* LikePage.swift */,
				8AB8AFFD29C49CE000E66F05 /* LikePresenter.swift */,
			);
			path = LikeModule;
			sourceTree = "<group>";
		};
		8AB8AFF929C49C2D00E66F05 /* MarketModule */ = {
			isa = PBXGroup;
			children = (
				8AB8AFFF29C49CF900E66F05 /* MarketPresenter.swift */,
				8AB8B00129C49D1300E66F05 /* MarketPage.swift */,
			);
			path = MarketModule;
			sourceTree = "<group>";
		};
		8AB8AFFA29C49C7A00E66F05 /* MessengerModule */ = {
			isa = PBXGroup;
			children = (
				8AB8B00329C49D2700E66F05 /* MessengerPage.swift */,
				8AB8B00529C49D4D00E66F05 /* MessengerPresenter.swift */,
			);
			path = MessengerModule;
			sourceTree = "<group>";
		};
/* End PBXGroup section */

/* Begin PBXNativeTarget section */
		8AB8AFAC29C469E100E66F05 /* Store */ = {
			isa = PBXNativeTarget;
			buildConfigurationList = 8AB8AFC429C469E300E66F05 /* Build configuration list for PBXNativeTarget "Store" */;
			buildPhases = (
				8AB8AFA929C469E100E66F05 /* Sources */,
				8AB8AFAA29C469E100E66F05 /* Frameworks */,
				8AB8AFAB29C469E100E66F05 /* Resources */,
			);
			buildRules = (
			);
			dependencies = (
			);
			name = Store;
			productName = Store;
			productReference = 8AB8AFAD29C469E100E66F05 /* Store.app */;
			productType = "com.apple.product-type.application";
		};
/* End PBXNativeTarget section */

/* Begin PBXProject section */
		8AB8AFA529C469E100E66F05 /* Project object */ = {
			isa = PBXProject;
			attributes = {
				BuildIndependentTargetsInParallel = 1;
				LastSwiftUpdateCheck = 1410;
				LastUpgradeCheck = 1410;
				TargetAttributes = {
					8AB8AFAC29C469E100E66F05 = {
						CreatedOnToolsVersion = 14.1;
					};
				};
			};
			buildConfigurationList = 8AB8AFA829C469E100E66F05 /* Build configuration list for PBXProject "Store" */;
			compatibilityVersion = "Xcode 14.0";
			developmentRegion = en;
			hasScannedForEncodings = 0;
			knownRegions = (
				en,
				Base,
			);
			mainGroup = 8AB8AFA429C469E100E66F05;
			productRefGroup = 8AB8AFAE29C469E100E66F05 /* Products */;
			projectDirPath = "";
			projectRoot = "";
			targets = (
				8AB8AFAC29C469E100E66F05 /* Store */,
			);
		};
/* End PBXProject section */

/* Begin PBXResourcesBuildPhase section */
		8AB8AFAB29C469E100E66F05 /* Resources */ = {
			isa = PBXResourcesBuildPhase;
			buildActionMask = 2147483647;
			files = (
				8AB8B00A29C52CFE00E66F05 /* Assets.xcassets in Resources */,
				8AB8AFC029C469E300E66F05 /* LaunchScreen.storyboard in Resources */,
			);
			runOnlyForDeploymentPostprocessing = 0;
		};
/* End PBXResourcesBuildPhase section */

/* Begin PBXSourcesBuildPhase section */
		8AB8AFA929C469E100E66F05 /* Sources */ = {
			isa = PBXSourcesBuildPhase;
			buildActionMask = 2147483647;
			files = (
				8AB8AFF529C4874F00E66F05 /* Currency.swift in Sources */,
				8AB8AFF329C4778B00E66F05 /* NetworkLayer.swift in Sources */,
				8AB8AFE629C4758300E66F05 /* LoginPresenter.swift in Sources */,
				8AB8AFD329C4732900E66F05 /* SignInPage.swift in Sources */,
				8AB8B00429C49D2700E66F05 /* MessengerPage.swift in Sources */,
				8AB8B00029C49CF900E66F05 /* MarketPresenter.swift in Sources */,
				8A72101D29CCC0070010398B /* SecureStorage.swift in Sources */,
				8AB8AFEA29C475C100E66F05 /* Page1Presenter.swift in Sources */,
				8AB8AFB129C469E100E66F05 /* AppDelegate.swift in Sources */,
				8AB8AFE429C4756E00E66F05 /* SignInPresenter.swift in Sources */,
				8AB8AFD729C4735A00E66F05 /* Profile.swift in Sources */,
				8AB8AFE229C4746600E66F05 /* ProfileTableCell.swift in Sources */,
				8AB8B00229C49D1300E66F05 /* MarketPage.swift in Sources */,
				8AB8AFDE29C473FE00E66F05 /* Page1.swift in Sources */,
				8AB8AFEF29C4772900E66F05 /* BuilderModels.swift in Sources */,
				8AB8AFF129C4775300E66F05 /* Router.swift in Sources */,
				8AB8B00629C49D4D00E66F05 /* MessengerPresenter.swift in Sources */,
				8AB8AFB329C469E100E66F05 /* SceneDelegate.swift in Sources */,
				8A72101A29CA08AE0010398B /* Extension.swift in Sources */,
				8AB8AFBB29C469E100E66F05 /* Store.xcdatamodeld in Sources */,
				8AB8AFD529C4733900E66F05 /* Login.swift in Sources */,
				8AB8AFEC29C475D500E66F05 /* Page2Presenter.swift in Sources */,
				8AB8AFE029C4740D00E66F05 /* Page2.swift in Sources */,
				8AB8B00C29C5387100E66F05 /* Colors.swift in Sources */,
				8AB8AFE829C475A400E66F05 /* ProfilePresenter.swift in Sources */,
				8AB8AFF729C48B3500E66F05 /* User.swift in Sources */,
				8AB8AFFE29C49CE000E66F05 /* LikePresenter.swift in Sources */,
				8AB8B00E29C53DD100E66F05 /* AnchoredConstraintsExtension.swift in Sources */,
				8AB8AFFC29C49CB400E66F05 /* LikePage.swift in Sources */,
			);
			runOnlyForDeploymentPostprocessing = 0;
		};
/* End PBXSourcesBuildPhase section */

/* Begin PBXVariantGroup section */
		8AB8AFBE29C469E300E66F05 /* LaunchScreen.storyboard */ = {
			isa = PBXVariantGroup;
			children = (
				8AB8AFBF29C469E300E66F05 /* Base */,
			);
			name = LaunchScreen.storyboard;
			sourceTree = "<group>";
		};
/* End PBXVariantGroup section */

/* Begin XCBuildConfiguration section */
		8AB8AFC229C469E300E66F05 /* Debug */ = {
			isa = XCBuildConfiguration;
			buildSettings = {
				ALWAYS_SEARCH_USER_PATHS = NO;
				CLANG_ANALYZER_NONNULL = YES;
				CLANG_ANALYZER_NUMBER_OBJECT_CONVERSION = YES_AGGRESSIVE;
				CLANG_CXX_LANGUAGE_STANDARD = "gnu++20";
				CLANG_ENABLE_MODULES = YES;
				CLANG_ENABLE_OBJC_ARC = YES;
				CLANG_ENABLE_OBJC_WEAK = YES;
				CLANG_WARN_BLOCK_CAPTURE_AUTORELEASING = YES;
				CLANG_WARN_BOOL_CONVERSION = YES;
				CLANG_WARN_COMMA = YES;
				CLANG_WARN_CONSTANT_CONVERSION = YES;
				CLANG_WARN_DEPRECATED_OBJC_IMPLEMENTATIONS = YES;
				CLANG_WARN_DIRECT_OBJC_ISA_USAGE = YES_ERROR;
				CLANG_WARN_DOCUMENTATION_COMMENTS = YES;
				CLANG_WARN_EMPTY_BODY = YES;
				CLANG_WARN_ENUM_CONVERSION = YES;
				CLANG_WARN_INFINITE_RECURSION = YES;
				CLANG_WARN_INT_CONVERSION = YES;
				CLANG_WARN_NON_LITERAL_NULL_CONVERSION = YES;
				CLANG_WARN_OBJC_IMPLICIT_RETAIN_SELF = YES;
				CLANG_WARN_OBJC_LITERAL_CONVERSION = YES;
				CLANG_WARN_OBJC_ROOT_CLASS = YES_ERROR;
				CLANG_WARN_QUOTED_INCLUDE_IN_FRAMEWORK_HEADER = YES;
				CLANG_WARN_RANGE_LOOP_ANALYSIS = YES;
				CLANG_WARN_STRICT_PROTOTYPES = YES;
				CLANG_WARN_SUSPICIOUS_MOVE = YES;
				CLANG_WARN_UNGUARDED_AVAILABILITY = YES_AGGRESSIVE;
				CLANG_WARN_UNREACHABLE_CODE = YES;
				CLANG_WARN__DUPLICATE_METHOD_MATCH = YES;
				COPY_PHASE_STRIP = NO;
				DEBUG_INFORMATION_FORMAT = dwarf;
				ENABLE_STRICT_OBJC_MSGSEND = YES;
				ENABLE_TESTABILITY = YES;
				GCC_C_LANGUAGE_STANDARD = gnu11;
				GCC_DYNAMIC_NO_PIC = NO;
				GCC_NO_COMMON_BLOCKS = YES;
				GCC_OPTIMIZATION_LEVEL = 0;
				GCC_PREPROCESSOR_DEFINITIONS = (
					"DEBUG=1",
					"$(inherited)",
				);
				GCC_WARN_64_TO_32_BIT_CONVERSION = YES;
				GCC_WARN_ABOUT_RETURN_TYPE = YES_ERROR;
				GCC_WARN_UNDECLARED_SELECTOR = YES;
				GCC_WARN_UNINITIALIZED_AUTOS = YES_AGGRESSIVE;
				GCC_WARN_UNUSED_FUNCTION = YES;
				GCC_WARN_UNUSED_VARIABLE = YES;
				IPHONEOS_DEPLOYMENT_TARGET = 16.1;
				MTL_ENABLE_DEBUG_INFO = INCLUDE_SOURCE;
				MTL_FAST_MATH = YES;
				ONLY_ACTIVE_ARCH = YES;
				SDKROOT = iphoneos;
				SWIFT_ACTIVE_COMPILATION_CONDITIONS = DEBUG;
				SWIFT_OPTIMIZATION_LEVEL = "-Onone";
			};
			name = Debug;
		};
		8AB8AFC329C469E300E66F05 /* Release */ = {
			isa = XCBuildConfiguration;
			buildSettings = {
				ALWAYS_SEARCH_USER_PATHS = NO;
				CLANG_ANALYZER_NONNULL = YES;
				CLANG_ANALYZER_NUMBER_OBJECT_CONVERSION = YES_AGGRESSIVE;
				CLANG_CXX_LANGUAGE_STANDARD = "gnu++20";
				CLANG_ENABLE_MODULES = YES;
				CLANG_ENABLE_OBJC_ARC = YES;
				CLANG_ENABLE_OBJC_WEAK = YES;
				CLANG_WARN_BLOCK_CAPTURE_AUTORELEASING = YES;
				CLANG_WARN_BOOL_CONVERSION = YES;
				CLANG_WARN_COMMA = YES;
				CLANG_WARN_CONSTANT_CONVERSION = YES;
				CLANG_WARN_DEPRECATED_OBJC_IMPLEMENTATIONS = YES;
				CLANG_WARN_DIRECT_OBJC_ISA_USAGE = YES_ERROR;
				CLANG_WARN_DOCUMENTATION_COMMENTS = YES;
				CLANG_WARN_EMPTY_BODY = YES;
				CLANG_WARN_ENUM_CONVERSION = YES;
				CLANG_WARN_INFINITE_RECURSION = YES;
				CLANG_WARN_INT_CONVERSION = YES;
				CLANG_WARN_NON_LITERAL_NULL_CONVERSION = YES;
				CLANG_WARN_OBJC_IMPLICIT_RETAIN_SELF = YES;
				CLANG_WARN_OBJC_LITERAL_CONVERSION = YES;
				CLANG_WARN_OBJC_ROOT_CLASS = YES_ERROR;
				CLANG_WARN_QUOTED_INCLUDE_IN_FRAMEWORK_HEADER = YES;
				CLANG_WARN_RANGE_LOOP_ANALYSIS = YES;
				CLANG_WARN_STRICT_PROTOTYPES = YES;
				CLANG_WARN_SUSPICIOUS_MOVE = YES;
				CLANG_WARN_UNGUARDED_AVAILABILITY = YES_AGGRESSIVE;
				CLANG_WARN_UNREACHABLE_CODE = YES;
				CLANG_WARN__DUPLICATE_METHOD_MATCH = YES;
				COPY_PHASE_STRIP = NO;
				DEBUG_INFORMATION_FORMAT = "dwarf-with-dsym";
				ENABLE_NS_ASSERTIONS = NO;
				ENABLE_STRICT_OBJC_MSGSEND = YES;
				GCC_C_LANGUAGE_STANDARD = gnu11;
				GCC_NO_COMMON_BLOCKS = YES;
				GCC_WARN_64_TO_32_BIT_CONVERSION = YES;
				GCC_WARN_ABOUT_RETURN_TYPE = YES_ERROR;
				GCC_WARN_UNDECLARED_SELECTOR = YES;
				GCC_WARN_UNINITIALIZED_AUTOS = YES_AGGRESSIVE;
				GCC_WARN_UNUSED_FUNCTION = YES;
				GCC_WARN_UNUSED_VARIABLE = YES;
				IPHONEOS_DEPLOYMENT_TARGET = 16.1;
				MTL_ENABLE_DEBUG_INFO = NO;
				MTL_FAST_MATH = YES;
				SDKROOT = iphoneos;
				SWIFT_COMPILATION_MODE = wholemodule;
				SWIFT_OPTIMIZATION_LEVEL = "-O";
				VALIDATE_PRODUCT = YES;
			};
			name = Release;
		};
		8AB8AFC529C469E300E66F05 /* Debug */ = {
			isa = XCBuildConfiguration;
			buildSettings = {
				ASSETCATALOG_COMPILER_APPICON_NAME = AppIcon;
				ASSETCATALOG_COMPILER_GLOBAL_ACCENT_COLOR_NAME = AccentColor;
				ASSETCATALOG_COMPILER_INCLUDE_ALL_APPICON_ASSETS = NO;
				CODE_SIGN_STYLE = Automatic;
				CURRENT_PROJECT_VERSION = 1;
				DEVELOPMENT_TEAM = J8HRCHW3ZN;
				GENERATE_INFOPLIST_FILE = YES;
				INFOPLIST_FILE = Store/Info.plist;
				INFOPLIST_KEY_UIApplicationSupportsIndirectInputEvents = YES;
				INFOPLIST_KEY_UILaunchStoryboardName = "";
				INFOPLIST_KEY_UIStatusBarStyle = "";
				INFOPLIST_KEY_UISupportedInterfaceOrientations_iPad = "UIInterfaceOrientationPortrait UIInterfaceOrientationPortraitUpsideDown UIInterfaceOrientationLandscapeLeft UIInterfaceOrientationLandscapeRight";
				INFOPLIST_KEY_UISupportedInterfaceOrientations_iPhone = "UIInterfaceOrientationPortrait UIInterfaceOrientationLandscapeLeft UIInterfaceOrientationLandscapeRight";
				LD_RUNPATH_SEARCH_PATHS = (
					"$(inherited)",
					"@executable_path/Frameworks",
				);
				MARKETING_VERSION = 1.0;
				PRODUCT_BUNDLE_IDENTIFIER = Store.Store;
				PRODUCT_NAME = "$(TARGET_NAME)";
				SWIFT_EMIT_LOC_STRINGS = YES;
				SWIFT_VERSION = 5.0;
				TARGETED_DEVICE_FAMILY = "1,2";
			};
			name = Debug;
		};
		8AB8AFC629C469E300E66F05 /* Release */ = {
			isa = XCBuildConfiguration;
			buildSettings = {
				ASSETCATALOG_COMPILER_APPICON_NAME = AppIcon;
				ASSETCATALOG_COMPILER_GLOBAL_ACCENT_COLOR_NAME = AccentColor;
				ASSETCATALOG_COMPILER_INCLUDE_ALL_APPICON_ASSETS = NO;
				CODE_SIGN_STYLE = Automatic;
				CURRENT_PROJECT_VERSION = 1;
				DEVELOPMENT_TEAM = J8HRCHW3ZN;
				GENERATE_INFOPLIST_FILE = YES;
				INFOPLIST_FILE = Store/Info.plist;
				INFOPLIST_KEY_UIApplicationSupportsIndirectInputEvents = YES;
				INFOPLIST_KEY_UILaunchStoryboardName = "";
				INFOPLIST_KEY_UIStatusBarStyle = "";
				INFOPLIST_KEY_UISupportedInterfaceOrientations_iPad = "UIInterfaceOrientationPortrait UIInterfaceOrientationPortraitUpsideDown UIInterfaceOrientationLandscapeLeft UIInterfaceOrientationLandscapeRight";
				INFOPLIST_KEY_UISupportedInterfaceOrientations_iPhone = "UIInterfaceOrientationPortrait UIInterfaceOrientationLandscapeLeft UIInterfaceOrientationLandscapeRight";
				LD_RUNPATH_SEARCH_PATHS = (
					"$(inherited)",
					"@executable_path/Frameworks",
				);
				MARKETING_VERSION = 1.0;
				PRODUCT_BUNDLE_IDENTIFIER = Store.Store;
				PRODUCT_NAME = "$(TARGET_NAME)";
				SWIFT_EMIT_LOC_STRINGS = YES;
				SWIFT_VERSION = 5.0;
				TARGETED_DEVICE_FAMILY = "1,2";
			};
			name = Release;
		};
/* End XCBuildConfiguration section */

/* Begin XCConfigurationList section */
		8AB8AFA829C469E100E66F05 /* Build configuration list for PBXProject "Store" */ = {
			isa = XCConfigurationList;
			buildConfigurations = (
				8AB8AFC229C469E300E66F05 /* Debug */,
				8AB8AFC329C469E300E66F05 /* Release */,
			);
			defaultConfigurationIsVisible = 0;
			defaultConfigurationName = Release;
		};
		8AB8AFC429C469E300E66F05 /* Build configuration list for PBXNativeTarget "Store" */ = {
			isa = XCConfigurationList;
			buildConfigurations = (
				8AB8AFC529C469E300E66F05 /* Debug */,
				8AB8AFC629C469E300E66F05 /* Release */,
			);
			defaultConfigurationIsVisible = 0;
			defaultConfigurationName = Release;
		};
/* End XCConfigurationList section */

/* Begin XCVersionGroup section */
		8AB8AFB929C469E100E66F05 /* Store.xcdatamodeld */ = {
			isa = XCVersionGroup;
			children = (
				8AB8AFBA29C469E100E66F05 /* Store.xcdatamodel */,
			);
			currentVersion = 8AB8AFBA29C469E100E66F05 /* Store.xcdatamodel */;
			path = Store.xcdatamodeld;
			sourceTree = "<group>";
			versionGroupType = wrapper.xcdatamodel;
		};
/* End XCVersionGroup section */
	};
	rootObject = 8AB8AFA529C469E100E66F05 /* Project object */;
}
